
Microsoft Visual Studio Solution File, Format Version 12.00
# Visual Studio 15
VisualStudioVersion = 15.0.26730.15
MinimumVisualStudioVersion = 10.0.40219.1
Project("{FAE04EC0-301F-11D3-BF4B-00C04F79EFBC}") = "Inkopslista", "Inkopslista\Inkopslista.csproj", "{D87C3231-0FDF-4E01-94E9-38CF717DF025}"
EndProject
Global
	GlobalSection(SolutionConfigurationPlatforms) = preSolution
		Debug|Any CPU = Debug|Any CPU
		Release|Any CPU = Release|Any CPU
	EndGlobalSection
	GlobalSection(ProjectConfigurationPlatforms) = postSolution
		{D87C3231-0FDF-4E01-94E9-38CF717DF025}.Debug|Any CPU.ActiveCfg = Debug|Any CPU
		{D87C3231-0FDF-4E01-94E9-38CF717DF025}.Debug|Any CPU.Build.0 = Debug|Any CPU
		{D87C3231-0FDF-4E01-94E9-38CF717DF025}.Release|Any CPU.ActiveCfg = Release|Any CPU
		{D87C3231-0FDF-4E01-94E9-38CF717DF025}.Release|Any CPU.Build.0 = Release|Any CPU
	EndGlobalSection
	GlobalSection(SolutionProperties) = preSolution
		HideSolutionNode = FALSE
	EndGlobalSection
	GlobalSection(ExtensibilityGlobals) = postSolution
		SolutionGuid = {55247210-49F6-43CC-B493-42901DE00982}
	EndGlobalSection
EndGlobal
